
Microsoft Visual Studio Solution File, Format Version 11.00
# Visual Studio 2010
Project("{FAE04EC0-301F-11D3-BF4B-00C04F79EFBC}") = "LC", "LC\LC.csproj", "{B333B7E9-B413-4537-B2E8-7A50079E2954}"
EndProject
Global
	GlobalSection(SolutionConfigurationPlatforms) = preSolution
		Debug|Any CPU = Debug|Any CPU
		Release|Any CPU = Release|Any CPU
	EndGlobalSection
	GlobalSection(ProjectConfigurationPlatforms) = postSolution
		{B333B7E9-B413-4537-B2E8-7A50079E2954}.Debug|Any CPU.ActiveCfg = Debug|Any CPU
		{B333B7E9-B413-4537-B2E8-7A50079E2954}.Debug|Any CPU.Build.0 = Debug|Any CPU
		{B333B7E9-B413-4537-B2E8-7A50079E2954}.Release|Any CPU.ActiveCfg = Release|Any CPU
		{B333B7E9-B413-4537-B2E8-7A50079E2954}.Release|Any CPU.Build.0 = Release|Any CPU
	EndGlobalSection
	GlobalSection(SolutionProperties) = preSolution
		HideSolutionNode = FALSE
	EndGlobalSection
EndGlobal
